Microsoft Visual Studio Solution File, Format Version 12.00
# Visual Studio Version 17
VisualStudioVersion = 17.14.36518.9
MinimumVisualStudioVersion = 10.0.40219.1
Project("{FAE04EC0-301F-11D3-BF4B-00C04F79EFBC}") = "YouTube", "YouTube\YouTube.csproj", "{EBA70BD7-81A3-4E69-892A-B990586C2A72}"
EndProject
Project("{FAE04EC0-301F-11D3-BF4B-00C04F79EFBC}") = "LibVLCSharp", "LibVLCSharp\LibVLCSharp.csproj", "{E7A78B56-21F4-4E06-B1BF-AA3C77C96B6E}"
EndProject
Project("{FAE04EC0-301F-11D3-BF4B-00C04F79EFBC}") = "VLCMediaElement", "VLCMediaElement\VLCMediaElement.csproj", "{43CDB88D-295E-4B05-A28C-AB47307DE45C}"
EndProject
Global
	GlobalSection(SolutionConfigurationPlatforms) = preSolution
		Debug|ARM = Debug|ARM
		Debug|ARM64 = Debug|ARM64
		Debug|x64 = Debug|x64
		Debug|x86 = Debug|x86
		Release|ARM = Release|ARM
		Release|ARM64 = Release|ARM64
		Release|x64 = Release|x64
		Release|x86 = Release|x86
	EndGlobalSection
	GlobalSection(ProjectConfigurationPlatforms) = postSolution
		{EBA70BD7-81A3-4E69-892A-B990586C2A72}.Debug|ARM.ActiveCfg = Debug|ARM
		{EBA70BD7-81A3-4E69-892A-B990586C2A72}.Debug|ARM.Build.0 = Debug|ARM
		{EBA70BD7-81A3-4E69-892A-B990586C2A72}.Debug|ARM.Deploy.0 = Debug|ARM
		{EBA70BD7-81A3-4E69-892A-B990586C2A72}.Debug|ARM64.ActiveCfg = Debug|ARM64
		{EBA70BD7-81A3-4E69-892A-B990586C2A72}.Debug|ARM64.Build.0 = Debug|ARM64
		{EBA70BD7-81A3-4E69-892A-B990586C2A72}.Debug|ARM64.Deploy.0 = Debug|ARM64
		{EBA70BD7-81A3-4E69-892A-B990586C2A72}.Debug|x64.ActiveCfg = Debug|x64
		{EBA70BD7-81A3-4E69-892A-B990586C2A72}.Debug|x64.Build.0 = Debug|x64
		{EBA70BD7-81A3-4E69-892A-B990586C2A72}.Debug|x64.Deploy.0 = Debug|x64
		{EBA70BD7-81A3-4E69-892A-B990586C2A72}.Debug|x86.ActiveCfg = Debug|x86
		{EBA70BD7-81A3-4E69-892A-B990586C2A72}.Debug|x86.Build.0 = Debug|x86
		{EBA70BD7-81A3-4E69-892A-B990586C2A72}.Debug|x86.Deploy.0 = Debug|x86
		{EBA70BD7-81A3-4E69-892A-B990586C2A72}.Release|ARM.ActiveCfg = Release|ARM
		{EBA70BD7-81A3-4E69-892A-B990586C2A72}.Release|ARM.Build.0 = Release|ARM
		{EBA70BD7-81A3-4E69-892A-B990586C2A72}.Release|ARM.Deploy.0 = Release|ARM
		{EBA70BD7-81A3-4E69-892A-B990586C2A72}.Release|ARM64.ActiveCfg = Release|ARM64
		{EBA70BD7-81A3-4E69-892A-B990586C2A72}.Release|ARM64.Build.0 = Release|ARM64
		{EBA70BD7-81A3-4E69-892A-B990586C2A72}.Release|ARM64.Deploy.0 = Release|ARM64
		{EBA70BD7-81A3-4E69-892A-B990586C2A72}.Release|x64.ActiveCfg = Release|x64
		{EBA70BD7-81A3-4E69-892A-B990586C2A72}.Release|x64.Build.0 = Release|x64
		{EBA70BD7-81A3-4E69-892A-B990586C2A72}.Release|x64.Deploy.0 = Release|x64
		{EBA70BD7-81A3-4E69-892A-B990586C2A72}.Release|x86.ActiveCfg = Release|x86
		{EBA70BD7-81A3-4E69-892A-B990586C2A72}.Release|x86.Build.0 = Release|x86
		{EBA70BD7-81A3-4E69-892A-B990586C2A72}.Release|x86.Deploy.0 = Release|x86
		{E7A78B56-21F4-4E06-B1BF-AA3C77C96B6E}.Debug|ARM.ActiveCfg = Debug|ARM
		{E7A78B56-21F4-4E06-B1BF-AA3C77C96B6E}.Debug|ARM.Build.0 = Debug|ARM
		{E7A78B56-21F4-4E06-B1BF-AA3C77C96B6E}.Debug|ARM64.ActiveCfg = Debug|ARM64
		{E7A78B56-21F4-4E06-B1BF-AA3C77C96B6E}.Debug|ARM64.Build.0 = Debug|ARM64
		{E7A78B56-21F4-4E06-B1BF-AA3C77C96B6E}.Debug|x64.ActiveCfg = Debug|x64
		{E7A78B56-21F4-4E06-B1BF-AA3C77C96B6E}.Debug|x64.Build.0 = Debug|x64
		{E7A78B56-21F4-4E06-B1BF-AA3C77C96B6E}.Debug|x86.ActiveCfg = Debug|x86
		{E7A78B56-21F4-4E06-B1BF-AA3C77C96B6E}.Debug|x86.Build.0 = Debug|x86
		{E7A78B56-21F4-4E06-B1BF-AA3C77C96B6E}.Release|ARM.ActiveCfg = Release|ARM
		{E7A78B56-21F4-4E06-B1BF-AA3C77C96B6E}.Release|ARM.Build.0 = Release|ARM
		{E7A78B56-21F4-4E06-B1BF-AA3C77C96B6E}.Release|ARM64.ActiveCfg = Release|ARM64
		{E7A78B56-21F4-4E06-B1BF-AA3C77C96B6E}.Release|ARM64.Build.0 = Release|ARM64
		{E7A78B56-21F4-4E06-B1BF-AA3C77C96B6E}.Release|x64.ActiveCfg = Release|x64
		{E7A78B56-21F4-4E06-B1BF-AA3C77C96B6E}.Release|x64.Build.0 = Release|x64
		{E7A78B56-21F4-4E06-B1BF-AA3C77C96B6E}.Release|x86.ActiveCfg = Release|x86
		{E7A78B56-21F4-4E06-B1BF-AA3C77C96B6E}.Release|x86.Build.0 = Release|x86
		{43CDB88D-295E-4B05-A28C-AB47307DE45C}.Debug|ARM.ActiveCfg = Debug|ARM
		{43CDB88D-295E-4B05-A28C-AB47307DE45C}.Debug|ARM.Build.0 = Debug|ARM
		{43CDB88D-295E-4B05-A28C-AB47307DE45C}.Debug|ARM64.ActiveCfg = Debug|ARM64
		{43CDB88D-295E-4B05-A28C-AB47307DE45C}.Debug|ARM64.Build.0 = Debug|ARM64
		{43CDB88D-295E-4B05-A28C-AB47307DE45C}.Debug|x64.ActiveCfg = Debug|x64
		{43CDB88D-295E-4B05-A28C-AB47307DE45C}.Debug|x64.Build.0 = Debug|x64
		{43CDB88D-295E-4B05-A28C-AB47307DE45C}.Debug|x86.ActiveCfg = Debug|x86
		{43CDB88D-295E-4B05-A28C-AB47307DE45C}.Debug|x86.Build.0 = Debug|x86
		{43CDB88D-295E-4B05-A28C-AB47307DE45C}.Release|ARM.ActiveCfg = Release|ARM
		{43CDB88D-295E-4B05-A28C-AB47307DE45C}.Release|ARM.Build.0 = Release|ARM
		{43CDB88D-295E-4B05-A28C-AB47307DE45C}.Release|ARM64.ActiveCfg = Release|ARM64
		{43CDB88D-295E-4B05-A28C-AB47307DE45C}.Release|ARM64.Build.0 = Release|ARM64
		{43CDB88D-295E-4B05-A28C-AB47307DE45C}.Release|x64.ActiveCfg = Release|x64
		{43CDB88D-295E-4B05-A28C-AB47307DE45C}.Release|x64.Build.0 = Release|x64
		{43CDB88D-295E-4B05-A28C-AB47307DE45C}.Release|x86.ActiveCfg = Release|x86
		{43CDB88D-295E-4B05-A28C-AB47307DE45C}.Release|x86.Build.0 = Release|x86
	EndGlobalSection
	GlobalSection(SolutionProperties) = preSolution
		HideSolutionNode = FALSE
	EndGlobalSection
	GlobalSection(ExtensibilityGlobals) = postSolution
		SolutionGuid = {39D8AD11-EA45-436D-8A4A-30B6002BFDD4}
	EndGlobalSection
EndGlobal
